{
  "requires": true,
  "lockfileVersion": 1,
  "dependencies": {
    "after-transition": {
      "version": "0.0.4",
      "resolved": "https://registry.npm.taobao.org/after-transition/download/after-transition-0.0.4.tgz",
      "integrity": "sha1-FlNWBQeJPYIOUDI927qu/SrhdVU=",
      "requires": {
        "css-emitter-component": "~0.1.1",
        "has-transitions": "~0.3.0"
      }
    },
    "component-emitter": {
      "version": "1.3.0",
      "resolved": "https://registry.npm.taobao.org/component-emitter/download/component-emitter-1.3.0.tgz",
      "integrity": "sha1-FuQHD7qK4ptnnyIVhT7hgasuq8A="
    },
    "component-query": {
      "version": "0.0.3",
      "resolved": "https://registry.npm.taobao.org/component-query/download/component-query-0.0.3.tgz",
      "integrity": "sha1-B/Sdq3Bx+pYGcl31PmB/RorNqs8="
    },
    "css-ease": {
      "version": "0.0.1",
      "resolved": "https://registry.npm.taobao.org/css-ease/download/css-ease-0.0.1.tgz",
      "integrity": "sha1-U3Z5tnyfx8UpaIJbb90h90ksqGw="
    },
    "css-emitter-component": {
      "version": "0.1.1",
      "resolved": "https://registry.npm.taobao.org/css-emitter-component/download/css-emitter-component-0.1.1.tgz",
      "integrity": "sha1-+15MTas81iyTCsrIN7bjTYerKo4=",
      "requires": {
        "event-component": "~0.1.0"
      }
    },
    "event-component": {
      "version": "0.1.0",
      "resolved": "https://registry.npm.taobao.org/event-component/download/event-component-0.1.0.tgz",
      "integrity": "sha1-gEVVedE0qyfju4C7KGm/lqdunmg="
    },
    "has-transitions": {
      "version": "0.3.0",
      "resolved": "https://registry.npm.taobao.org/has-transitions/download/has-transitions-0.3.0.tgz",
      "integrity": "sha1-BmQ3xYlhOo17oKqjy9QI7MtAjxA="
    },
    "has-translate3d": {
      "version": "0.0.3",
      "resolved": "https://registry.npm.taobao.org/has-translate3d/download/has-translate3d-0.0.3.tgz",
      "integrity": "sha1-7gFXrVtMqKGjNRSp5+9FQVoTIQM=",
      "requires": {
        "transform-property": "0.0.1"
      }
    },
    "move-js": {
      "version": "0.5.0",
      "resolved": "https://registry.npm.taobao.org/move-js/download/move-js-0.5.0.tgz",
      "integrity": "sha1-GfQt7mH+auklJDbCd5bBImFMPSw=",
      "requires": {
        "after-transition": "0.0.4",
        "component-emitter": "^1.2.0",
        "component-query": "0.0.3",
        "css-ease": "0.0.1",
        "has-translate3d": "0.0.3"
      }
    },
    "transform-property": {
      "version": "0.0.1",
      "resolved": "https://registry.npm.taobao.org/transform-property/download/transform-property-0.0.1.tgz",
      "integrity": "sha1-SGNmL51eW7jwwAZI7/CL6xT9ZfI="
    }
  }
}
